{
  "name": "TOMP-API",
  "lockfileVersion": 2,
  "requires": true,
  "packages": {
    "": {
      "dependencies": {
        "openapi-sampler": "^1.7.0"
      }
    },
    "node_modules/@types/json-schema": {
      "version": "7.0.15",
      "resolved": "https://registry.npmjs.org/@types/json-schema/-/json-schema-7.0.15.tgz",
      "integrity": "sha512-5+fP8P8MFNC+AyZCDxrB2pkZFPGzqQWUzpSeuuVLvm8VMcorNYavBqoFcxK8bQz4Qsbn4oUEEem4wDLfcysGHA=="
    },
    "node_modules/fast-xml-parser": {
      "version": "5.3.6",
      "resolved": "https://registry.npmjs.org/fast-xml-parser/-/fast-xml-parser-5.3.6.tgz",
      "integrity": "sha512-QNI3sAvSvaOiaMl8FYU4trnEzCwiRr8XMWgAHzlrWpTSj+QaCSvOf1h82OEP1s4hiAXhnbXSyFWCf4ldZzZRVA==",
      "funding": [
        {
          "type": "github",
          "url": "https://github.com/sponsors/NaturalIntelligence"
        }
      ],
      "dependencies": {
        "strnum": "^2.1.2"
      },
      "bin": {
        "fxparser": "src/cli/cli.js"
      }
    },
    "node_modules/foreach": {
      "version": "2.0.6",
      "resolved": "https://registry.npmjs.org/foreach/-/foreach-2.0.6.tgz",
      "integrity": "sha512-k6GAGDyqLe9JaebCsFCoudPPWfihKu8pylYXRlqP1J7ms39iPoTtk2fviNglIeQEwdh0bQeKJ01ZPyuyQvKzwg=="
    },
    "node_modules/json-pointer": {
      "version": "0.6.2",
      "resolved": "https://registry.npmjs.org/json-pointer/-/json-pointer-0.6.2.tgz",
      "integrity": "sha512-vLWcKbOaXlO+jvRy4qNd+TI1QUPZzfJj1tpJ3vAXDych5XJf93ftpUKe5pKCrzyIIwgBJcOcCVRUfqQP25afBw==",
      "dependencies": {
        "foreach": "^2.0.4"
      }
    },
    "node_modules/openapi-sampler": {
      "version": "1.7.0",
      "resolved": "https://registry.npmjs.org/openapi-sampler/-/openapi-sampler-1.7.0.tgz",
      "integrity": "sha512-fWq32F5vqGpgRJYIarC/9Y1wC9tKnRDcCOjsDJ7MIcSv2HsE7kNifcXIZ8FVtNStBUWxYrEk/MKqVF0SwZ5gog==",
      "dependencies": {
        "@types/json-schema": "^7.0.7",
        "fast-xml-parser": "^5.3.4",
        "json-pointer": "0.6.2"
      }
    },
    "node_modules/strnum": {
      "version": "2.1.2",
      "resolved": "https://registry.npmjs.org/strnum/-/strnum-2.1.2.tgz",
      "integrity": "sha512-l63NF9y/cLROq/yqKXSLtcMeeyOfnSQlfMSlzFt/K73oIaD8DGaQWd7Z34X9GPiKqP5rbSh84Hl4bOlLcjiSrQ==",
      "funding": [
        {
          "type": "github",
          "url": "https://github.com/sponsors/NaturalIntelligence"
        }
      ]
    }
  },
  "dependencies": {
    "@types/json-schema": {
      "version": "7.0.15",
      "resolved": "https://registry.npmjs.org/@types/json-schema/-/json-schema-7.0.15.tgz",
      "integrity": "sha512-5+fP8P8MFNC+AyZCDxrB2pkZFPGzqQWUzpSeuuVLvm8VMcorNYavBqoFcxK8bQz4Qsbn4oUEEem4wDLfcysGHA=="
    },
    "fast-xml-parser": {
      "version": "5.3.6",
      "resolved": "https://registry.npmjs.org/fast-xml-parser/-/fast-xml-parser-5.3.6.tgz",
      "integrity": "sha512-QNI3sAvSvaOiaMl8FYU4trnEzCwiRr8XMWgAHzlrWpTSj+QaCSvOf1h82OEP1s4hiAXhnbXSyFWCf4ldZzZRVA==",
      "requires": {
        "strnum": "^2.1.2"
      }
    },
    "foreach": {
      "version": "2.0.6",
      "resolved": "https://registry.npmjs.org/foreach/-/foreach-2.0.6.tgz",
      "integrity": "sha512-k6GAGDyqLe9JaebCsFCoudPPWfihKu8pylYXRlqP1J7ms39iPoTtk2fviNglIeQEwdh0bQeKJ01ZPyuyQvKzwg=="
    },
    "json-pointer": {
      "version": "0.6.2",
      "resolved": "https://registry.npmjs.org/json-pointer/-/json-pointer-0.6.2.tgz",
      "integrity": "sha512-vLWcKbOaXlO+jvRy4qNd+TI1QUPZzfJj1tpJ3vAXDych5XJf93ftpUKe5pKCrzyIIwgBJcOcCVRUfqQP25afBw==",
      "requires": {
        "foreach": "^2.0.4"
      }
    },
    "openapi-sampler": {
      "version": "1.7.0",
      "resolved": "https://registry.npmjs.org/openapi-sampler/-/openapi-sampler-1.7.0.tgz",
      "integrity": "sha512-fWq32F5vqGpgRJYIarC/9Y1wC9tKnRDcCOjsDJ7MIcSv2HsE7kNifcXIZ8FVtNStBUWxYrEk/MKqVF0SwZ5gog==",
      "requires": {
        "@types/json-schema": "^7.0.7",
        "fast-xml-parser": "^5.3.4",
        "json-pointer": "0.6.2"
      }
    },
    "strnum": {
      "version": "2.1.2",
      "resolved": "https://registry.npmjs.org/strnum/-/strnum-2.1.2.tgz",
      "integrity": "sha512-l63NF9y/cLROq/yqKXSLtcMeeyOfnSQlfMSlzFt/K73oIaD8DGaQWd7Z34X9GPiKqP5rbSh84Hl4bOlLcjiSrQ=="
    }
  }
}
