{
  "name": "jsonata",
  "lockfileVersion": 2,
  "requires": true,
  "packages": {
    "": {
      "dependencies": {
        "jsonata": "^2.0.6"
      }
    },
    "node_modules/jsonata": {
      "version": "2.0.6",
      "resolved": "https://registry.npmjs.org/jsonata/-/jsonata-2.0.6.tgz",
      "integrity": "sha512-WhQB5tXQ32qjkx2GYHFw2XbL90u+LLzjofAYwi+86g6SyZeXHz9F1Q0amy3dWRYczshOC3Haok9J4pOCgHtwyQ==",
      "engines": {
        "node": ">= 8"
      }
    }
  },
  "dependencies": {
    "jsonata": {
      "version": "2.0.6",
      "resolved": "https://registry.npmjs.org/jsonata/-/jsonata-2.0.6.tgz",
      "integrity": "sha512-WhQB5tXQ32qjkx2GYHFw2XbL90u+LLzjofAYwi+86g6SyZeXHz9F1Q0amy3dWRYczshOC3Haok9J4pOCgHtwyQ=="
    }
  }
}
